{
  "name": "javascript Serious",
  "lockfileVersion": 3,
  "requires": true,
  "packages": {
    "": {
      "dependencies": {
        "@typinghare/stack-queue": "^1.0.0"
      }
    },
    "node_modules/@typinghare/stack-queue": {
      "version": "1.0.0",
      "resolved": "https://registry.npmjs.org/@typinghare/stack-queue/-/stack-queue-1.0.0.tgz",
      "integrity": "sha512-9OquQpMppIjPomvZS4uDR5qkpp2uFPWpwh5oElp+6m+ZFNu3Y74Jv3/UPJ50b1Lnb4GCmDalgqDnIH6cmi5LqA==",
      "license": "MIT"
    }
  }
}
