{
  "name": "javascript Serious",
  "lockfileVersion": 3,
  "requires": true,
  "packages": {
    "": {
      "dependencies": {
        "heap-js": "^2.7.1"
      }
    },
    "node_modules/heap-js": {
      "version": "2.7.1",
      "resolved": "https://registry.npmjs.org/heap-js/-/heap-js-2.7.1.tgz",
      "integrity": "sha512-EQfezRg0NCZGNlhlDR3Evrw1FVL2G3LhU7EgPoxufQKruNBSYA8MiRPHeWbU+36o+Fhel0wMwM+sLEiBAlNLJA==",
      "license": "BSD-3-Clause",
      "engines": {
        "node": ">=10.0.0"
      }
    }
  }
}
