{
  "name": "javascript Serious",
  "lockfileVersion": 3,
  "requires": true,
  "packages": {
    "": {
      "dependencies": {
        "@datastructures-js/linked-list": "^6.1.4",
        "@datastructures-js/queue": "^4.3.0",
        "heap-js": "^2.7.1"
      }
    },
    "node_modules/@datastructures-js/linked-list": {
      "version": "6.1.4",
      "resolved": "https://registry.npmjs.org/@datastructures-js/linked-list/-/linked-list-6.1.4.tgz",
      "integrity": "sha512-lwM6KDBPgV9xxJMzozCqZzdofzc0fx8FPjNfrWDf8+u8Fm7zcjksvXrv6Z9dA2Kg40HZIUKqLPaQriqLhhAisg==",
      "license": "MIT"
    },
    "node_modules/@datastructures-js/queue": {
      "version": "4.3.0",
      "resolved": "https://registry.npmjs.org/@datastructures-js/queue/-/queue-4.3.0.tgz",
      "integrity": "sha512-2RYt1+N4dtdcilwmB+A6j9HT/5MImHSK2UUjBA8WQAHoA2AEJC4YxJSSGhGTOBMyLMKpMiowwTrnB315YgtTrA==",
      "license": "MIT"
    },
    "node_modules/heap-js": {
      "version": "2.7.1",
      "resolved": "https://registry.npmjs.org/heap-js/-/heap-js-2.7.1.tgz",
      "integrity": "sha512-EQfezRg0NCZGNlhlDR3Evrw1FVL2G3LhU7EgPoxufQKruNBSYA8MiRPHeWbU+36o+Fhel0wMwM+sLEiBAlNLJA==",
      "license": "BSD-3-Clause",
      "engines": {
        "node": ">=10.0.0"
      }
    }
  }
}
